# THIS IS AN AUTOGENERATED FILE. DO NOT EDIT THIS FILE DIRECTLY.
# yarn lockfile v1


bencode@^2.0.0:
  version "2.0.1"
  resolved "https://registry.npm.taobao.org/bencode/download/bencode-2.0.1.tgz#667a6a31c5e038d558608333da6b7c94e836c85b"
  integrity sha1-ZnpqMcXgONVYYIMz2mt8lOg2yFs=
  dependencies:
    safe-buffer "^5.1.1"

block-stream2@^2.0.0:
  version "2.0.0"
  resolved "https://registry.npm.taobao.org/block-stream2/download/block-stream2-2.0.0.tgz#680b9d357ca8b9d5637f4ec8a41fb5968029108f"
  integrity sha1-aAudNXyoudVjf07IpB+1loApEI8=
  dependencies:
    readable-stream "^3.4.0"

create-torrent@^4.4.2:
  version "4.4.2"
  resolved "https://registry.npm.taobao.org/create-torrent/download/create-torrent-4.4.2.tgz#2efbd4f3b76ee8c1c4f539c06ceb6382d113de74"
  integrity sha1-LvvU87du6MHE9TnAbOtjgtET3nQ=
  dependencies:
    bencode "^2.0.0"
    block-stream2 "^2.0.0"
    filestream "^5.0.0"
    is-file "^1.0.0"
    junk "^3.1.0"
    minimist "^1.1.0"
    multistream "^4.0.0"
    once "^1.3.0"
    piece-length "^2.0.1"
    readable-stream "^3.0.2"
    run-parallel "^1.0.0"
    simple-sha1 "^3.0.0"

filestream@^5.0.0:
  version "5.0.0"
  resolved "https://registry.npm.taobao.org/filestream/download/filestream-5.0.0.tgz#79015f3bae95ad0f47ef818694846f085087b92e"
  integrity sha1-eQFfO66VrQ9H74GGlIRvCFCHuS4=
  dependencies:
    readable-stream "^3.4.0"
    typedarray-to-buffer "^3.0.0"

inherits@^2.0.3:
  version "2.0.4"
  resolved "https://registry.npm.taobao.org/inherits/download/inherits-2.0.4.tgz#0fa2c64f932917c3433a0ded55363aae37416b7c"
  integrity sha1-D6LGT5MpF8NDOg3tVTY6rjdBa3w=

is-file@^1.0.0:
  version "1.0.0"
  resolved "https://registry.npm.taobao.org/is-file/download/is-file-1.0.0.tgz#28a44cfbd9d3db193045f22b65fce8edf9620596"
  integrity sha1-KKRM+9nT2xkwRfIrZfzo7fliBZY=

is-typedarray@^1.0.0:
  version "1.0.0"
  resolved "https://registry.npm.taobao.org/is-typedarray/download/is-typedarray-1.0.0.tgz#e479c80858df0c1b11ddda6940f96011fcda4a9a"
  integrity sha1-5HnICFjfDBsR3dppQPlgEfzaSpo=

junk@^3.1.0:
  version "3.1.0"
  resolved "https://registry.npm.taobao.org/junk/download/junk-3.1.0.tgz#31499098d902b7e98c5d9b9c80f43457a88abfa1"
  integrity sha1-MUmQmNkCt+mMXZucgPQ0V6iKv6E=

minimist@^1.1.0:
  version "1.2.8"
  resolved "https://registry.yarnpkg.com/minimist/-/minimist-1.2.8.tgz#c1a464e7693302e082a075cee0c057741ac4772c"
  integrity sha512-2yyAR8qBkN3YuheJanUpWC5U3bb5osDywNB8RzDVlDwDHbocAJveqqj1u8+SVD7jkWT4yvsHCpWqqWqAxb0zCA==

multistream@^4.0.0:
  version "4.0.0"
  resolved "https://registry.npm.taobao.org/multistream/download/multistream-4.0.0.tgz#c771b6d17d169138b6abcb15f0061170e3c09cea"
  integrity sha1-x3G20X0WkTi2q8sV8AYRcOPAnOo=
  dependencies:
    readable-stream "^3.4.0"

once@^1.3.0:
  version "1.4.0"
  resolved "https://registry.npm.taobao.org/once/download/once-1.4.0.tgz#583b1aa775961d4b113ac17d9c50baef9dd76bd1"
  integrity sha1-WDsap3WWHUsROsF9nFC6753Xa9E=
  dependencies:
    wrappy "1"

piece-length@^2.0.1:
  version "2.0.1"
  resolved "https://registry.npm.taobao.org/piece-length/download/piece-length-2.0.1.tgz#dbed4e78976955f34466d0a65304d0cb21914ac9"
  integrity sha1-2+1OeJdpVfNEZtCmUwTQyyGRSsk=

queue-microtask@^1.1.2:
  version "1.1.3"
  resolved "https://registry.npm.taobao.org/queue-microtask/download/queue-microtask-1.1.3.tgz#9188ce1b10f9350330c509982c8b1c640e0592a7"
  integrity sha1-kYjOGxD5NQMwxQmYLIscZA4Fkqc=

readable-stream@^3.0.2, readable-stream@^3.4.0:
  version "3.6.0"
  resolved "https://registry.npm.taobao.org/readable-stream/download/readable-stream-3.6.0.tgz?cache=0&sync_timestamp=1581623021561&other_urls=https%3A%2F%2Fregistry.npm.taobao.org%2Freadable-stream%2Fdownload%2Freadable-stream-3.6.0.tgz#337bbda3adc0706bd3e024426a286d4b4b2c9198"
  integrity sha1-M3u9o63AcGvT4CRCaihtS0sskZg=
  dependencies:
    inherits "^2.0.3"
    string_decoder "^1.1.1"
    util-deprecate "^1.0.1"

run-parallel@^1.0.0:
  version "1.1.9"
  resolved "https://registry.npm.taobao.org/run-parallel/download/run-parallel-1.1.9.tgz#c9dd3a7cf9f4b2c4b6244e173a6ed866e61dd679"
  integrity sha1-yd06fPn0ssS2JE4XOm7YZuYd1nk=

rusha@^0.8.1:
  version "0.8.13"
  resolved "https://registry.npm.taobao.org/rusha/download/rusha-0.8.13.tgz#9a084e7b860b17bff3015b92c67a6a336191513a"
  integrity sha1-mghOe4YLF7/zAVuSxnpqM2GRUTo=

safe-buffer@^5.1.1, safe-buffer@~5.2.0:
  version "5.2.1"
  resolved "https://registry.npm.taobao.org/safe-buffer/download/safe-buffer-5.2.1.tgz#1eaf9fa9bdb1fdd4ec75f58f9cdb4e6b7827eec6"
  integrity sha1-Hq+fqb2x/dTsdfWPnNtOa3gn7sY=

simple-sha1@^3.0.0:
  version "3.0.1"
  resolved "https://registry.npm.taobao.org/simple-sha1/download/simple-sha1-3.0.1.tgz#b34c3c978d74ac4baf99b6555c1e6736e0d6e700"
  integrity sha1-s0w8l410rEuvmbZVXB5nNuDW5wA=
  dependencies:
    queue-microtask "^1.1.2"
    rusha "^0.8.1"

string_decoder@^1.1.1:
  version "1.3.0"
  resolved "https://registry.npm.taobao.org/string_decoder/download/string_decoder-1.3.0.tgz#42f114594a46cf1a8e30b0a84f56c78c3edac21e"
  integrity sha1-QvEUWUpGzxqOMLCoT1bHjD7awh4=
  dependencies:
    safe-buffer "~5.2.0"

typedarray-to-buffer@^3.0.0:
  version "3.1.5"
  resolved "https://registry.npm.taobao.org/typedarray-to-buffer/download/typedarray-to-buffer-3.1.5.tgz#a97ee7a9ff42691b9f783ff1bc5112fe3fca9080"
  integrity sha1-qX7nqf9CaRufeD/xvFES/j/KkIA=
  dependencies:
    is-typedarray "^1.0.0"

util-deprecate@^1.0.1:
  version "1.0.2"
  resolved "https://registry.npm.taobao.org/util-deprecate/download/util-deprecate-1.0.2.tgz#450d4dc9fa70de732762fbd2d4a28981419a0ccf"
  integrity sha1-RQ1Nyfpw3nMnYvvS1KKJgUGaDM8=

wrappy@1:
  version "1.0.2"
  resolved "https://registry.npm.taobao.org/wrappy/download/wrappy-1.0.2.tgz#b5243d8f3ec1aa35f1364605bc0d1036e30ab69f"
  integrity sha1-tSQ9jz7BqjXxNkYFvA0QNuMKtp8=
